
Microsoft Visual Studio Solution File, Format Version 12.00
# Visual Studio Version 17
VisualStudioVersion = 17.2.32630.192
MinimumVisualStudioVersion = 10.0.40219.1
Project("{9A19103F-16F7-4668-BE54-9A1E7A4F7556}") = "FaceApp", "FaceApp\FaceApp.csproj", "{EE4BF32A-1452-4776-BA24-4875D08112EA}"
EndProject
Project("{9A19103F-16F7-4668-BE54-9A1E7A4F7556}") = "OpenCVExample", "OpenCVExample\OpenCVExample.csproj", "{8718E506-0BB0-43DD-9126-5C2482F3FDBC}"
EndProject
Project("{9A19103F-16F7-4668-BE54-9A1E7A4F7556}") = "FaceRecognition", "FaceRecognition\FaceRecognition.csproj", "{97BAECA6-74E6-469A-A7D8-16DE0D5FF020}"
EndProject
Project("{FAE04EC0-301F-11D3-BF4B-00C04F79EFBC}") = "RealSendID", "RealSendID\RealSendID.csproj", "{61B8E55C-04FE-4105-B317-DD0223209393}"
EndProject
Global
	GlobalSection(SolutionConfigurationPlatforms) = preSolution
		Debug|Any CPU = Debug|Any CPU
		Release|Any CPU = Release|Any CPU
	EndGlobalSection
	GlobalSection(ProjectConfigurationPlatforms) = postSolution
		{EE4BF32A-1452-4776-BA24-4875D08112EA}.Debug|Any CPU.ActiveCfg = Debug|Any CPU
		{EE4BF32A-1452-4776-BA24-4875D08112EA}.Debug|Any CPU.Build.0 = Debug|Any CPU
		{EE4BF32A-1452-4776-BA24-4875D08112EA}.Release|Any CPU.ActiveCfg = Release|Any CPU
		{EE4BF32A-1452-4776-BA24-4875D08112EA}.Release|Any CPU.Build.0 = Release|Any CPU
		{8718E506-0BB0-43DD-9126-5C2482F3FDBC}.Debug|Any CPU.ActiveCfg = Debug|Any CPU
		{8718E506-0BB0-43DD-9126-5C2482F3FDBC}.Debug|Any CPU.Build.0 = Debug|Any CPU
		{8718E506-0BB0-43DD-9126-5C2482F3FDBC}.Release|Any CPU.ActiveCfg = Release|Any CPU
		{8718E506-0BB0-43DD-9126-5C2482F3FDBC}.Release|Any CPU.Build.0 = Release|Any CPU
		{97BAECA6-74E6-469A-A7D8-16DE0D5FF020}.Debug|Any CPU.ActiveCfg = Debug|Any CPU
		{97BAECA6-74E6-469A-A7D8-16DE0D5FF020}.Debug|Any CPU.Build.0 = Debug|Any CPU
		{97BAECA6-74E6-469A-A7D8-16DE0D5FF020}.Release|Any CPU.ActiveCfg = Release|Any CPU
		{97BAECA6-74E6-469A-A7D8-16DE0D5FF020}.Release|Any CPU.Build.0 = Release|Any CPU
		{61B8E55C-04FE-4105-B317-DD0223209393}.Debug|Any CPU.ActiveCfg = Debug|Any CPU
		{61B8E55C-04FE-4105-B317-DD0223209393}.Debug|Any CPU.Build.0 = Debug|Any CPU
		{61B8E55C-04FE-4105-B317-DD0223209393}.Release|Any CPU.ActiveCfg = Release|Any CPU
		{61B8E55C-04FE-4105-B317-DD0223209393}.Release|Any CPU.Build.0 = Release|Any CPU
	EndGlobalSection
	GlobalSection(SolutionProperties) = preSolution
		HideSolutionNode = FALSE
	EndGlobalSection
	GlobalSection(ExtensibilityGlobals) = postSolution
		SolutionGuid = {8015AAE8-E9D6-4D25-8CD0-CF9D2B9ECCAD}
	EndGlobalSection
EndGlobal
